
Microsoft Visual Studio Solution File, Format Version 12.00
# Visual Studio Version 17
VisualStudioVersion = 17.5.33530.505
MinimumVisualStudioVersion = 10.0.40219.1
Project("{9A19103F-16F7-4668-BE54-9A1E7A4F7556}") = "Milsymbol", "Milsymbol\Milsymbol.csproj", "{F8ABDC18-7CF7-4AFE-96AD-0E0A66CB9796}"
EndProject
Project("{9A19103F-16F7-4668-BE54-9A1E7A4F7556}") = "Milsymbol.Test", "Milsymbol.Test\Milsymbol.Test.csproj", "{8C217C66-125B-441F-9FC5-EAAAB8A43EF9}"
EndProject
Project("{FAE04EC0-301F-11D3-BF4B-00C04F79EFBC}") = "Milsymbol.Benchmark", "Milsymbol.Benchmark\Milsymbol.Benchmark.csproj", "{F59830D6-E45B-47A7-A5CC-633776A3320A}"
EndProject
Global
	GlobalSection(SolutionConfigurationPlatforms) = preSolution
		Debug|Any CPU = Debug|Any CPU
		Release|Any CPU = Release|Any CPU
	EndGlobalSection
	GlobalSection(ProjectConfigurationPlatforms) = postSolution
		{F8ABDC18-7CF7-4AFE-96AD-0E0A66CB9796}.Debug|Any CPU.ActiveCfg = Debug|Any CPU
		{F8ABDC18-7CF7-4AFE-96AD-0E0A66CB9796}.Debug|Any CPU.Build.0 = Debug|Any CPU
		{F8ABDC18-7CF7-4AFE-96AD-0E0A66CB9796}.Release|Any CPU.ActiveCfg = Release|Any CPU
		{F8ABDC18-7CF7-4AFE-96AD-0E0A66CB9796}.Release|Any CPU.Build.0 = Release|Any CPU
		{8C217C66-125B-441F-9FC5-EAAAB8A43EF9}.Debug|Any CPU.ActiveCfg = Debug|Any CPU
		{8C217C66-125B-441F-9FC5-EAAAB8A43EF9}.Debug|Any CPU.Build.0 = Debug|Any CPU
		{8C217C66-125B-441F-9FC5-EAAAB8A43EF9}.Release|Any CPU.ActiveCfg = Release|Any CPU
		{8C217C66-125B-441F-9FC5-EAAAB8A43EF9}.Release|Any CPU.Build.0 = Release|Any CPU
		{F59830D6-E45B-47A7-A5CC-633776A3320A}.Debug|Any CPU.ActiveCfg = Debug|Any CPU
		{F59830D6-E45B-47A7-A5CC-633776A3320A}.Debug|Any CPU.Build.0 = Debug|Any CPU
		{F59830D6-E45B-47A7-A5CC-633776A3320A}.Release|Any CPU.ActiveCfg = Release|Any CPU
		{F59830D6-E45B-47A7-A5CC-633776A3320A}.Release|Any CPU.Build.0 = Release|Any CPU
	EndGlobalSection
	GlobalSection(SolutionProperties) = preSolution
		HideSolutionNode = FALSE
	EndGlobalSection
	GlobalSection(ExtensibilityGlobals) = postSolution
		SolutionGuid = {4084BC42-A8A9-4802-B482-664850C4D8AC}
	EndGlobalSection
EndGlobal
